
Microsoft Visual Studio Solution File, Format Version 12.00
# Visual Studio Version 17
VisualStudioVersion = 17.11.35312.102
MinimumVisualStudioVersion = 10.0.40219.1
Project("{9A19103F-16F7-4668-BE54-9A1E7A4F7556}") = "Dipp", "Dipp\Dipp.csproj", "{B4DBFC83-A20B-42B0-9F74-5F0FC09D6FA8}"
EndProject
Project("{9A19103F-16F7-4668-BE54-9A1E7A4F7556}") = "DAL", "DAL\DAL.csproj", "{3D1628E5-CB75-4570-8A3F-B617F61DA05C}"
EndProject
Project("{FAE04EC0-301F-11D3-BF4B-00C04F79EFBC}") = "BLL", "BLL\BLL.csproj", "{BFD3B131-2BB3-4057-BE17-968D36C4E2B4}"
EndProject
Global
	GlobalSection(SolutionConfigurationPlatforms) = preSolution
		Debug|Any CPU = Debug|Any CPU
		Release|Any CPU = Release|Any CPU
	EndGlobalSection
	GlobalSection(ProjectConfigurationPlatforms) = postSolution
		{B4DBFC83-A20B-42B0-9F74-5F0FC09D6FA8}.Debug|Any CPU.ActiveCfg = Debug|Any CPU
		{B4DBFC83-A20B-42B0-9F74-5F0FC09D6FA8}.Debug|Any CPU.Build.0 = Debug|Any CPU
		{B4DBFC83-A20B-42B0-9F74-5F0FC09D6FA8}.Release|Any CPU.ActiveCfg = Release|Any CPU
		{B4DBFC83-A20B-42B0-9F74-5F0FC09D6FA8}.Release|Any CPU.Build.0 = Release|Any CPU
		{3D1628E5-CB75-4570-8A3F-B617F61DA05C}.Debug|Any CPU.ActiveCfg = Debug|Any CPU
		{3D1628E5-CB75-4570-8A3F-B617F61DA05C}.Debug|Any CPU.Build.0 = Debug|Any CPU
		{3D1628E5-CB75-4570-8A3F-B617F61DA05C}.Release|Any CPU.ActiveCfg = Release|Any CPU
		{3D1628E5-CB75-4570-8A3F-B617F61DA05C}.Release|Any CPU.Build.0 = Release|Any CPU
		{BFD3B131-2BB3-4057-BE17-968D36C4E2B4}.Debug|Any CPU.ActiveCfg = Debug|Any CPU
		{BFD3B131-2BB3-4057-BE17-968D36C4E2B4}.Debug|Any CPU.Build.0 = Debug|Any CPU
		{BFD3B131-2BB3-4057-BE17-968D36C4E2B4}.Release|Any CPU.ActiveCfg = Release|Any CPU
		{BFD3B131-2BB3-4057-BE17-968D36C4E2B4}.Release|Any CPU.Build.0 = Release|Any CPU
	EndGlobalSection
	GlobalSection(SolutionProperties) = preSolution
		HideSolutionNode = FALSE
	EndGlobalSection
	GlobalSection(ExtensibilityGlobals) = postSolution
		SolutionGuid = {34DD37AD-7E91-41FF-9F83-8877D273DD7C}
	EndGlobalSection
EndGlobal
